
Microsoft Visual Studio Solution File, Format Version 12.00
# Visual Studio Version 16
VisualStudioVersion = 16.0.30907.101
MinimumVisualStudioVersion = 10.0.40219.1
Project("{FAE04EC0-301F-11D3-BF4B-00C04F79EFBC}") = "AuthService", "AuthService.csproj", "{256DE820-C584-4072-BC2D-27563F6F0D52}"
EndProject
Global
	GlobalSection(SolutionConfigurationPlatforms) = preSolution
		Debug|Any CPU = Debug|Any CPU
		Release|Any CPU = Release|Any CPU
	EndGlobalSection
	GlobalSection(ProjectConfigurationPlatforms) = postSolution
		{256DE820-C584-4072-BC2D-27563F6F0D52}.Debug|Any CPU.ActiveCfg = Debug|Any CPU
		{256DE820-C584-4072-BC2D-27563F6F0D52}.Debug|Any CPU.Build.0 = Debug|Any CPU
		{256DE820-C584-4072-BC2D-27563F6F0D52}.Release|Any CPU.ActiveCfg = Release|Any CPU
		{256DE820-C584-4072-BC2D-27563F6F0D52}.Release|Any CPU.Build.0 = Release|Any CPU
	EndGlobalSection
	GlobalSection(SolutionProperties) = preSolution
		HideSolutionNode = FALSE
	EndGlobalSection
	GlobalSection(ExtensibilityGlobals) = postSolution
		SolutionGuid = {C0CE7242-394C-420E-AA26-449B0F625307}
	EndGlobalSection
EndGlobal
